
Microsoft Visual Studio Solution File, Format Version 12.00
# Visual Studio Version 17
VisualStudioVersion = 17.11.35431.28
MinimumVisualStudioVersion = 10.0.40219.1
Project("{FAE04EC0-301F-11D3-BF4B-00C04F79EFBC}") = "TaskManager.Android", "TaskManager\TaskManager.Android\TaskManager.Android.csproj", "{9CCBEDAB-ABD9-4781-8A46-25097E06DFF9}"
EndProject
Project("{FAE04EC0-301F-11D3-BF4B-00C04F79EFBC}") = "TaskManager", "TaskManager\TaskManager\TaskManager.csproj", "{0E232288-0A52-4BBF-9133-1EA8A635C836}"
EndProject
Project("{FAE04EC0-301F-11D3-BF4B-00C04F79EFBC}") = "TaskManagerAPI", "TaskManagerAPI\TaskManagerAPI.csproj", "{8B1857E4-F879-4337-94DC-82BF03B88DDD}"
EndProject
Global
	GlobalSection(SolutionConfigurationPlatforms) = preSolution
		Debug|Any CPU = Debug|Any CPU
		Release|Any CPU = Release|Any CPU
	EndGlobalSection
	GlobalSection(ProjectConfigurationPlatforms) = postSolution
		{9CCBEDAB-ABD9-4781-8A46-25097E06DFF9}.Debug|Any CPU.ActiveCfg = Debug|Any CPU
		{9CCBEDAB-ABD9-4781-8A46-25097E06DFF9}.Debug|Any CPU.Build.0 = Debug|Any CPU
		{9CCBEDAB-ABD9-4781-8A46-25097E06DFF9}.Debug|Any CPU.Deploy.0 = Debug|Any CPU
		{9CCBEDAB-ABD9-4781-8A46-25097E06DFF9}.Release|Any CPU.ActiveCfg = Release|Any CPU
		{9CCBEDAB-ABD9-4781-8A46-25097E06DFF9}.Release|Any CPU.Build.0 = Release|Any CPU
		{9CCBEDAB-ABD9-4781-8A46-25097E06DFF9}.Release|Any CPU.Deploy.0 = Release|Any CPU
		{0E232288-0A52-4BBF-9133-1EA8A635C836}.Debug|Any CPU.ActiveCfg = Debug|Any CPU
		{0E232288-0A52-4BBF-9133-1EA8A635C836}.Debug|Any CPU.Build.0 = Debug|Any CPU
		{0E232288-0A52-4BBF-9133-1EA8A635C836}.Debug|Any CPU.Deploy.0 = Debug|Any CPU
		{0E232288-0A52-4BBF-9133-1EA8A635C836}.Release|Any CPU.ActiveCfg = Release|Any CPU
		{0E232288-0A52-4BBF-9133-1EA8A635C836}.Release|Any CPU.Build.0 = Release|Any CPU
		{0E232288-0A52-4BBF-9133-1EA8A635C836}.Release|Any CPU.Deploy.0 = Release|Any CPU
		{8B1857E4-F879-4337-94DC-82BF03B88DDD}.Debug|Any CPU.ActiveCfg = Debug|Any CPU
		{8B1857E4-F879-4337-94DC-82BF03B88DDD}.Debug|Any CPU.Build.0 = Debug|Any CPU
		{8B1857E4-F879-4337-94DC-82BF03B88DDD}.Release|Any CPU.ActiveCfg = Release|Any CPU
		{8B1857E4-F879-4337-94DC-82BF03B88DDD}.Release|Any CPU.Build.0 = Release|Any CPU
	EndGlobalSection
	GlobalSection(SolutionProperties) = preSolution
		HideSolutionNode = FALSE
	EndGlobalSection
	GlobalSection(ExtensibilityGlobals) = postSolution
		SolutionGuid = {69AE34DF-4D32-42FD-93DB-6C9F848D3C1F}
	EndGlobalSection
EndGlobal
